# THIS IS AN AUTOGENERATED FILE. DO NOT EDIT THIS FILE DIRECTLY.
# yarn lockfile v1


"@creativebulma/bulma-divider@^1.1.0":
  version "1.1.0"
  resolved "https://registry.yarnpkg.com/@creativebulma/bulma-divider/-/bulma-divider-1.1.0.tgz#fb0c3527efc5b8d7b1ac52cd065e9f8c57b5a8bc"
  integrity sha512-Lx5MlUhgAnTF+wNZ5LXcaE1K0F2m0Pkwte1p08FBsIyRV6Oq7BuKPk/O9XJPcF+vR6BjCxNy/hjYFXtNmoXbNg==

"@creativebulma/bulma-tagsinput@^1.0.3":
  version "1.0.3"
  resolved "https://registry.yarnpkg.com/@creativebulma/bulma-tagsinput/-/bulma-tagsinput-1.0.3.tgz#bbf38aad9a4ed0f04f2baa7832b21679cdc54462"
  integrity sha512-uQg0KEBcvEmSfwozv2EkFtqai1+pwOgunt3YLlADjRuyKXQePcR3nPW4EDnLMsCt9XlDr4RLu5pcp3XwHIhaOQ==

"@mdi/font@^6.6.96":
  version "6.6.96"
  resolved "https://registry.yarnpkg.com/@mdi/font/-/font-6.6.96.tgz#4eee6faee5f44d3ec401d354fb95775cd6699575"
  integrity sha512-FbcvG9z17hwZ7IwX5XeOR1UYGoLq+gTKq6XNPvJFuCpn599GdiPCJbAmmDBJb+jMYXjKYr0lCxfouWGxDA82sA==

bulma-checkradio@^2.1.3:
  version "2.1.3"
  resolved "https://registry.yarnpkg.com/bulma-checkradio/-/bulma-checkradio-2.1.3.tgz#e3e1fe086cc5b522d1a13801a60c440b433b8112"
  integrity sha512-8OmZ7PURyftNLGXSTNAYNTJHIe0OkoH/8z9iWfSXGxiv3AlrKneMtiVpBKofXsvc9ZHBUI1YjefiW5WFhgFgAQ==
  dependencies:
    bulma "^0.9.3"

bulma-switch@^2.0.4:
  version "2.0.4"
  resolved "https://registry.yarnpkg.com/bulma-switch/-/bulma-switch-2.0.4.tgz#a6dea1a026d025a7093a3675b2a599a36820e3a3"
  integrity sha512-kMu4H0Pr0VjvfsnT6viRDCgptUq0Rvy7y7PX6q+IHg1xUynsjszPjhAdal5ysAlCG5HNO+5YXxeiu92qYGQolw==

bulma@^0.9.3:
  version "0.9.3"
  resolved "https://registry.yarnpkg.com/bulma/-/bulma-0.9.3.tgz#ddccb7436ebe3e21bf47afe01d3c43a296b70243"
  integrity sha512-0d7GNW1PY4ud8TWxdNcP6Cc8Bu7MxcntD/RRLGWuiw/s0a9P+XlH/6QoOIrmbj6o8WWJzJYhytiu9nFjTszk1g==

codemirror-spell-checker@*:
  version "1.1.2"
  resolved "https://registry.yarnpkg.com/codemirror-spell-checker/-/codemirror-spell-checker-1.1.2.tgz#1c660f9089483ccb5113b9ba9ca19c3f4993371e"
  integrity sha1-HGYPkIlIPMtRE7m6nKGcP0mTNx4=
  dependencies:
    typo-js "*"

codemirror@*:
  version "5.65.2"
  resolved "https://registry.yarnpkg.com/codemirror/-/codemirror-5.65.2.tgz#5799a70cb3d706e10f60e267245e3a75205d3dd9"
  integrity sha512-SZM4Zq7XEC8Fhroqe3LxbEEX1zUPWH1wMr5zxiBuiUF64iYOUH/JI88v4tBag8MiBS8B8gRv8O1pPXGYXQ4ErA==

jquery@^3.6.0:
  version "3.6.0"
  resolved "https://registry.yarnpkg.com/jquery/-/jquery-3.6.0.tgz#c72a09f15c1bdce142f49dbf1170bdf8adac2470"
  integrity sha512-JVzAR/AjBvVt2BmYhxRCSYysDsPcssdmTFnzyLEts9qNwmjmu4JTAMYubEfwVOSwpQ1I1sKKFcxhZCI2buerfw==

marked@*:
  version "4.0.14"
  resolved "https://registry.yarnpkg.com/marked/-/marked-4.0.14.tgz#7a3a5fa5c80580bac78c1ed2e3b84d7bd6fc3870"
  integrity sha512-HL5sSPE/LP6U9qKgngIIPTthuxC0jrfxpYMZ3LdGDD3vTnLs59m2Z7r6+LNDR3ToqEQdkKd6YaaEfJhodJmijQ==

normalize.css@^8.0.1:
  version "8.0.1"
  resolved "https://registry.yarnpkg.com/normalize.css/-/normalize.css-8.0.1.tgz#9b98a208738b9cc2634caacbc42d131c97487bf3"
  integrity sha512-qizSNPO93t1YUuUhP22btGOo3chcvDFqFaj2TRybP0DMxkHOCTYwp3n34fel4a31ORXy4m1Xq0Gyqpb5m33qIg==

simplemde@^1.11.2:
  version "1.11.2"
  resolved "https://registry.yarnpkg.com/simplemde/-/simplemde-1.11.2.tgz#a23a35d978d2c40ef07dec008c92f070d8e080e3"
  integrity sha1-ojo12XjSxA7wfewAjJLwcNjggOM=
  dependencies:
    codemirror "*"
    codemirror-spell-checker "*"
    marked "*"

typeface-montserrat@^1.1.13:
  version "1.1.13"
  resolved "https://registry.yarnpkg.com/typeface-montserrat/-/typeface-montserrat-1.1.13.tgz#2a16729c174dd1a8c3fec05a851b7725412606cc"
  integrity sha512-Pklkyj0e+K+6I/t0M6JBDBphpfJkF1k+3qd8qDnp9aVtCC7oGBQWTAcL6+5eArfGe7h73uPwyal73hEkf9YCUA==

typeface-roboto-mono@^1.1.13:
  version "1.1.13"
  resolved "https://registry.yarnpkg.com/typeface-roboto-mono/-/typeface-roboto-mono-1.1.13.tgz#2af8662db8f9119c00efd55d6ed8877d2a69ec94"
  integrity sha512-pnzDc70b7ywJHin/BUFL7HZX8DyOTBLT2qxlJ92eH1UJOFcENIBXa9IZrxsJX/gEKjbEDKhW5vz/TKRBNk/ufQ==

typo-js@*:
  version "1.2.1"
  resolved "https://registry.yarnpkg.com/typo-js/-/typo-js-1.2.1.tgz#334a0d8c3f6c56f2f1e15fdf6c31677793cbbe9b"
  integrity sha512-bTGLjbD3WqZDR3CgEFkyi9Q/SS2oM29ipXrWfDb4M74ea69QwKAECVceYpaBu0GfdnASMg9Qfl67ttB23nePHg==
